
Microsoft Visual Studio Solution File, Format Version 12.00
# Visual Studio Version 17
VisualStudioVersion = 17.10.35122.118
MinimumVisualStudioVersion = 10.0.40219.1
Project("{FAE04EC0-301F-11D3-BF4B-00C04F79EFBC}") = "TaskManager.API", "TaskManager.API\TaskManager.API.csproj", "{B31BE68E-731C-48E9-AA61-4EA1DD1A3204}"
EndProject
Project("{FAE04EC0-301F-11D3-BF4B-00C04F79EFBC}") = "TaskManager.Communication", "TaskManager.Communication\TaskManager.Communication.csproj", "{B2E9A22B-8B20-408B-9A1F-4D248880CF1B}"
EndProject
Project("{FAE04EC0-301F-11D3-BF4B-00C04F79EFBC}") = "TaskManager.Application", "TaskManager.Application\TaskManager.Application.csproj", "{18B9A5B6-8CF1-44C1-9963-06CCBEE0C10F}"
EndProject
Global
	GlobalSection(SolutionConfigurationPlatforms) = preSolution
		Debug|Any CPU = Debug|Any CPU
		Release|Any CPU = Release|Any CPU
	EndGlobalSection
	GlobalSection(ProjectConfigurationPlatforms) = postSolution
		{B31BE68E-731C-48E9-AA61-4EA1DD1A3204}.Debug|Any CPU.ActiveCfg = Debug|Any CPU
		{B31BE68E-731C-48E9-AA61-4EA1DD1A3204}.Debug|Any CPU.Build.0 = Debug|Any CPU
		{B31BE68E-731C-48E9-AA61-4EA1DD1A3204}.Release|Any CPU.ActiveCfg = Release|Any CPU
		{B31BE68E-731C-48E9-AA61-4EA1DD1A3204}.Release|Any CPU.Build.0 = Release|Any CPU
		{B2E9A22B-8B20-408B-9A1F-4D248880CF1B}.Debug|Any CPU.ActiveCfg = Debug|Any CPU
		{B2E9A22B-8B20-408B-9A1F-4D248880CF1B}.Debug|Any CPU.Build.0 = Debug|Any CPU
		{B2E9A22B-8B20-408B-9A1F-4D248880CF1B}.Release|Any CPU.ActiveCfg = Release|Any CPU
		{B2E9A22B-8B20-408B-9A1F-4D248880CF1B}.Release|Any CPU.Build.0 = Release|Any CPU
		{18B9A5B6-8CF1-44C1-9963-06CCBEE0C10F}.Debug|Any CPU.ActiveCfg = Debug|Any CPU
		{18B9A5B6-8CF1-44C1-9963-06CCBEE0C10F}.Debug|Any CPU.Build.0 = Debug|Any CPU
		{18B9A5B6-8CF1-44C1-9963-06CCBEE0C10F}.Release|Any CPU.ActiveCfg = Release|Any CPU
		{18B9A5B6-8CF1-44C1-9963-06CCBEE0C10F}.Release|Any CPU.Build.0 = Release|Any CPU
	EndGlobalSection
	GlobalSection(SolutionProperties) = preSolution
		HideSolutionNode = FALSE
	EndGlobalSection
	GlobalSection(ExtensibilityGlobals) = postSolution
		SolutionGuid = {37C5B79F-F0DE-4715-B87E-13F9CEE16C1E}
	EndGlobalSection
EndGlobal
